
Microsoft Visual Studio Solution File, Format Version 12.00
# Visual Studio Version 16
VisualStudioVersion = 16.0.31624.102
MinimumVisualStudioVersion = 10.0.40219.1
Project("{FAE04EC0-301F-11D3-BF4B-00C04F79EFBC}") = "prac07", "prac07.csproj", "{6C1F742D-BE8C-4F6F-8D72-5F2E922EAA55}"
EndProject
Global
	GlobalSection(SolutionConfigurationPlatforms) = preSolution
		Debug|Any CPU = Debug|Any CPU
		Release|Any CPU = Release|Any CPU
	EndGlobalSection
	GlobalSection(ProjectConfigurationPlatforms) = postSolution
		{6C1F742D-BE8C-4F6F-8D72-5F2E922EAA55}.Debug|Any CPU.ActiveCfg = Debug|Any CPU
		{6C1F742D-BE8C-4F6F-8D72-5F2E922EAA55}.Debug|Any CPU.Build.0 = Debug|Any CPU
		{6C1F742D-BE8C-4F6F-8D72-5F2E922EAA55}.Release|Any CPU.ActiveCfg = Release|Any CPU
		{6C1F742D-BE8C-4F6F-8D72-5F2E922EAA55}.Release|Any CPU.Build.0 = Release|Any CPU
	EndGlobalSection
	GlobalSection(SolutionProperties) = preSolution
		HideSolutionNode = FALSE
	EndGlobalSection
	GlobalSection(ExtensibilityGlobals) = postSolution
		SolutionGuid = {C7DD904E-EE8B-49BC-A3E3-625B9E76ED6B}
	EndGlobalSection
EndGlobal
